
Microsoft Visual Studio Solution File, Format Version 12.00
# Visual Studio Version 17
VisualStudioVersion = 17.12.35527.113 d17.12
MinimumVisualStudioVersion = 10.0.40219.1
Project("{2150E333-8FDC-42A3-9474-1A3956D46DE8}") = "src", "src", "{30AFD3A0-925A-4511-8B7E-8A892E95AB44}"
EndProject
Project("{FAE04EC0-301F-11D3-BF4B-00C04F79EFBC}") = "TektonChallengeProducts.Domain", "src\Domain\TektonChallengeProducts.Domain.csproj", "{C7B2D45D-E25F-4E61-8822-A6CEFC91F18E}"
EndProject
Project("{FAE04EC0-301F-11D3-BF4B-00C04F79EFBC}") = "TektonChallengeProducts.Application", "src\Application\TektonChallengeProducts.Application.csproj", "{C5D62943-341C-414B-9AC7-8DD02A3EF859}"
EndProject
Global
	GlobalSection(SolutionProperties) = preSolution
		HideSolutionNode = FALSE
	EndGlobalSection
	GlobalSection(SolutionConfigurationPlatforms) = preSolution
		Debug|Any CPU = Debug|Any CPU
		Debug|x64 = Debug|x64
		Debug|x86 = Debug|x86
		Release|Any CPU = Release|Any CPU
		Release|x64 = Release|x64
		Release|x86 = Release|x86
	EndGlobalSection
	GlobalSection(ProjectConfigurationPlatforms) = postSolution
		{C7B2D45D-E25F-4E61-8822-A6CEFC91F18E}.Debug|Any CPU.ActiveCfg = Debug|Any CPU
		{C7B2D45D-E25F-4E61-8822-A6CEFC91F18E}.Debug|Any CPU.Build.0 = Debug|Any CPU
		{C7B2D45D-E25F-4E61-8822-A6CEFC91F18E}.Debug|x64.ActiveCfg = Debug|Any CPU
		{C7B2D45D-E25F-4E61-8822-A6CEFC91F18E}.Debug|x64.Build.0 = Debug|Any CPU
		{C7B2D45D-E25F-4E61-8822-A6CEFC91F18E}.Debug|x86.ActiveCfg = Debug|Any CPU
		{C7B2D45D-E25F-4E61-8822-A6CEFC91F18E}.Debug|x86.Build.0 = Debug|Any CPU
		{C7B2D45D-E25F-4E61-8822-A6CEFC91F18E}.Release|Any CPU.ActiveCfg = Release|Any CPU
		{C7B2D45D-E25F-4E61-8822-A6CEFC91F18E}.Release|Any CPU.Build.0 = Release|Any CPU
		{C7B2D45D-E25F-4E61-8822-A6CEFC91F18E}.Release|x64.ActiveCfg = Release|Any CPU
		{C7B2D45D-E25F-4E61-8822-A6CEFC91F18E}.Release|x64.Build.0 = Release|Any CPU
		{C7B2D45D-E25F-4E61-8822-A6CEFC91F18E}.Release|x86.ActiveCfg = Release|Any CPU
		{C7B2D45D-E25F-4E61-8822-A6CEFC91F18E}.Release|x86.Build.0 = Release|Any CPU
		{C5D62943-341C-414B-9AC7-8DD02A3EF859}.Debug|Any CPU.ActiveCfg = Debug|Any CPU
		{C5D62943-341C-414B-9AC7-8DD02A3EF859}.Debug|Any CPU.Build.0 = Debug|Any CPU
		{C5D62943-341C-414B-9AC7-8DD02A3EF859}.Debug|x64.ActiveCfg = Debug|Any CPU
		{C5D62943-341C-414B-9AC7-8DD02A3EF859}.Debug|x64.Build.0 = Debug|Any CPU
		{C5D62943-341C-414B-9AC7-8DD02A3EF859}.Debug|x86.ActiveCfg = Debug|Any CPU
		{C5D62943-341C-414B-9AC7-8DD02A3EF859}.Debug|x86.Build.0 = Debug|Any CPU
		{C5D62943-341C-414B-9AC7-8DD02A3EF859}.Release|Any CPU.ActiveCfg = Release|Any CPU
		{C5D62943-341C-414B-9AC7-8DD02A3EF859}.Release|Any CPU.Build.0 = Release|Any CPU
		{C5D62943-341C-414B-9AC7-8DD02A3EF859}.Release|x64.ActiveCfg = Release|Any CPU
		{C5D62943-341C-414B-9AC7-8DD02A3EF859}.Release|x64.Build.0 = Release|Any CPU
		{C5D62943-341C-414B-9AC7-8DD02A3EF859}.Release|x86.ActiveCfg = Release|Any CPU
		{C5D62943-341C-414B-9AC7-8DD02A3EF859}.Release|x86.Build.0 = Release|Any CPU
	EndGlobalSection
	GlobalSection(NestedProjects) = preSolution
		{C7B2D45D-E25F-4E61-8822-A6CEFC91F18E} = {30AFD3A0-925A-4511-8B7E-8A892E95AB44}
		{C5D62943-341C-414B-9AC7-8DD02A3EF859} = {30AFD3A0-925A-4511-8B7E-8A892E95AB44}
	EndGlobalSection
EndGlobal
